
Microsoft Visual Studio Solution File, Format Version 12.00
# Visual Studio 15
VisualStudioVersion = 15.0.28010.2036
MinimumVisualStudioVersion = 10.0.40219.1
Project("{FAE04EC0-301F-11D3-BF4B-00C04F79EFBC}") = "CRUD_Video1", "CRUD_Video1\CRUD_Video1.csproj", "{DC76BCA2-DB93-456A-AFF4-9A9873153183}"
EndProject
Global
	GlobalSection(SolutionConfigurationPlatforms) = preSolution
		Debug|Any CPU = Debug|Any CPU
		Release|Any CPU = Release|Any CPU
	EndGlobalSection
	GlobalSection(ProjectConfigurationPlatforms) = postSolution
		{DC76BCA2-DB93-456A-AFF4-9A9873153183}.Debug|Any CPU.ActiveCfg = Debug|Any CPU
		{DC76BCA2-DB93-456A-AFF4-9A9873153183}.Debug|Any CPU.Build.0 = Debug|Any CPU
		{DC76BCA2-DB93-456A-AFF4-9A9873153183}.Release|Any CPU.ActiveCfg = Release|Any CPU
		{DC76BCA2-DB93-456A-AFF4-9A9873153183}.Release|Any CPU.Build.0 = Release|Any CPU
	EndGlobalSection
	GlobalSection(SolutionProperties) = preSolution
		HideSolutionNode = FALSE
	EndGlobalSection
	GlobalSection(ExtensibilityGlobals) = postSolution
		SolutionGuid = {8D80BDED-E183-4581-83F1-A3F3D09BAC2F}
	EndGlobalSection
EndGlobal
